<Solution>
  <Properties>
    <Property Name="StartupProject" Value="src/ShuRuk.App/ShuRuk.App.csproj" />
  </Properties>
  <Folder Name="/src/">
    <Project Path="src/ShuRuk.App/ShuRuk.App.csproj">
      <Platform Solution="Debug|*" Project="x64" />
      <Deploy Solution="Debug|*" />
    </Project>
    <Project Path="src/ShuRuk.Contracts/ShuRuk.Contracts.csproj" />
    <Project Path="src/ShuRuk.Infrastructure/ShuRuk.Infrastructure.csproj" />
    <Project Path="src/ShuRuk.Runtime/ShuRuk.Runtime.csproj" />

  </Folder>
</Solution>
